github.com/brianreumere/plague v0.0.3 h1:mAWKN9j02IMh3Q3tsyfHscovNXBSABCyI2qyl4LEonc=
github.com/brianreumere/plague v0.0.3/go.mod h1:FjXJXbBLMg28mwVEVwSF+bLtEPI8RzHb/DMZ5BCSUBc=
github.com/brianreumere/plague v0.0.4 h1:8DJdkjGhY5LWS55ryovhBpSm1Gccucpaz46UahHuyaU=
github.com/brianreumere/plague v0.0.4/go.mod h1:FjXJXbBLMg28mwVEVwSF+bLtEPI8RzHb/DMZ5BCSUBc=
